
Microsoft Visual Studio Solution File, Format Version 12.00
# Visual Studio Version 17
VisualStudioVersion = 17.8.34330.188
MinimumVisualStudioVersion = 10.0.40219.1
Project("{FAE04EC0-301F-11D3-BF4B-00C04F79EFBC}") = "IUR_macesond_NET6", "IUR_macesond_NET6.csproj", "{24543308-ACC2-43A3-8689-4A3A8C9ABA7E}"
EndProject
Global
	GlobalSection(SolutionConfigurationPlatforms) = preSolution
		Debug|Any CPU = Debug|Any CPU
		Release|Any CPU = Release|Any CPU
	EndGlobalSection
	GlobalSection(ProjectConfigurationPlatforms) = postSolution
		{24543308-ACC2-43A3-8689-4A3A8C9ABA7E}.Debug|Any CPU.ActiveCfg = Debug|Any CPU
		{24543308-ACC2-43A3-8689-4A3A8C9ABA7E}.Debug|Any CPU.Build.0 = Debug|Any CPU
		{24543308-ACC2-43A3-8689-4A3A8C9ABA7E}.Release|Any CPU.ActiveCfg = Release|Any CPU
		{24543308-ACC2-43A3-8689-4A3A8C9ABA7E}.Release|Any CPU.Build.0 = Release|Any CPU
	EndGlobalSection
	GlobalSection(SolutionProperties) = preSolution
		HideSolutionNode = FALSE
	EndGlobalSection
	GlobalSection(ExtensibilityGlobals) = postSolution
		SolutionGuid = {CFEACF9C-C1BE-4075-B515-F9AAF7230848}
	EndGlobalSection
EndGlobal
