
Microsoft Visual Studio Solution File, Format Version 12.00
# Visual Studio Version 17
VisualStudioVersion = 17.7.34031.279
MinimumVisualStudioVersion = 10.0.40219.1
Project("{FAE04EC0-301F-11D3-BF4B-00C04F79EFBC}") = "IUR_macesond", "IUR_macesond\IUR_macesond.csproj", "{6BCC5B61-D630-44DC-97D1-7348FCD39D65}"
EndProject
Global
	GlobalSection(SolutionConfigurationPlatforms) = preSolution
		Debug|Any CPU = Debug|Any CPU
		Release|Any CPU = Release|Any CPU
	EndGlobalSection
	GlobalSection(ProjectConfigurationPlatforms) = postSolution
		{6BCC5B61-D630-44DC-97D1-7348FCD39D65}.Debug|Any CPU.ActiveCfg = Debug|Any CPU
		{6BCC5B61-D630-44DC-97D1-7348FCD39D65}.Debug|Any CPU.Build.0 = Debug|Any CPU
		{6BCC5B61-D630-44DC-97D1-7348FCD39D65}.Release|Any CPU.ActiveCfg = Release|Any CPU
		{6BCC5B61-D630-44DC-97D1-7348FCD39D65}.Release|Any CPU.Build.0 = Release|Any CPU
	EndGlobalSection
	GlobalSection(SolutionProperties) = preSolution
		HideSolutionNode = FALSE
	EndGlobalSection
	GlobalSection(ExtensibilityGlobals) = postSolution
		SolutionGuid = {0DDE3669-6B8F-4DC6-84CF-2A7A8FC35AC4}
	EndGlobalSection
EndGlobal
